# THIS IS AN AUTOGENERATED FILE. DO NOT EDIT THIS FILE DIRECTLY.
# yarn lockfile v1


"@qweb3-react/types@^0.2.0":
  version "0.2.0"
  resolved "https://registry.yarnpkg.com/@qweb3-react/types/-/types-0.2.0.tgz#a5e43d83d24547134a61c4d98756545915b0d962"
  integrity sha512-A0oM9jFreY9bXbMrHKoiJE9NCtRJtRgaBzg6mmodl2pkutn6Yhd23We/xGZmwQPlv6Xp/kX8PByCcdTz7xEQsg==
